// !$*UTF8*$!
{
	archiveVersion = 1;
	classes = {
	};
	objectVersion = 56;
	objects = {

/* Begin PBXBuildFile section */
		27B31C592AE1565600D99AE8 /* SlideButton in Frameworks */ = {isa = PBXBuildFile; productRef = 27B31C582AE1565600D99AE8 /* SlideButton */; };
		27B31C5E2AE1572F00D99AE8 /* InsertCannulaView.swift in Sources */ = {isa = PBXBuildFile; fileRef = 27B31C5D2AE1572F00D99AE8 /* InsertCannulaView.swift */; };
		27B31C612AE1579E00D99AE8 /* LoopKit in Frameworks */ = {isa = PBXBuildFile; productRef = 27B31C602AE1579E00D99AE8 /* LoopKit */; };
		27B31C632AE1579E00D99AE8 /* LoopKitUI in Frameworks */ = {isa = PBXBuildFile; productRef = 27B31C622AE1579E00D99AE8 /* LoopKitUI */; };
		27B31C662AE1583400D99AE8 /* LoopKit in Frameworks */ = {isa = PBXBuildFile; productRef = 27B31C652AE1583400D99AE8 /* LoopKit */; };
		27B31C682AE1583400D99AE8 /* LoopKitUI in Frameworks */ = {isa = PBXBuildFile; productRef = 27B31C672AE1583400D99AE8 /* LoopKitUI */; };
		27B31C6A2AE15ADE00D99AE8 /* InsertCannulaViewModel.swift in Sources */ = {isa = PBXBuildFile; fileRef = 27B31C692AE15ADE00D99AE8 /* InsertCannulaViewModel.swift */; };
		27EB9F1A2ADDD685003EAE8A /* ContentView.swift in Sources */ = {isa = PBXBuildFile; fileRef = 27EB9F192ADDD685003EAE8A /* ContentView.swift */; };
/* End PBXBuildFile section */

/* Begin PBXFileReference section */
		27B31C5D2AE1572F00D99AE8 /* InsertCannulaView.swift */ = {isa = PBXFileReference; lastKnownFileType = sourcecode.swift; path = InsertCannulaView.swift; sourceTree = "<group>"; };
		27B31C692AE15ADE00D99AE8 /* InsertCannulaViewModel.swift */ = {isa = PBXFileReference; lastKnownFileType = sourcecode.swift; path = InsertCannulaViewModel.swift; sourceTree = "<group>"; };
		27EB9F142ADDD685003EAE8A /* testslider3.app */ = {isa = PBXFileReference; explicitFileType = wrapper.application; includeInIndex = 0; path = testslider3.app; sourceTree = BUILT_PRODUCTS_DIR; };
		27EB9F192ADDD685003EAE8A /* ContentView.swift */ = {isa = PBXFileReference; lastKnownFileType = sourcecode.swift; path = ContentView.swift; sourceTree = "<group>"; };
/* End PBXFileReference section */

/* Begin PBXFrameworksBuildPhase section */
		27EB9F112ADDD685003EAE8A /* Frameworks */ = {
			isa = PBXFrameworksBuildPhase;
			buildActionMask = 2147483647;
			files = (
				27B31C592AE1565600D99AE8 /* SlideButton in Frameworks */,
				27B31C662AE1583400D99AE8 /* LoopKit in Frameworks */,
				27B31C682AE1583400D99AE8 /* LoopKitUI in Frameworks */,
				27B31C612AE1579E00D99AE8 /* LoopKit in Frameworks */,
				27B31C632AE1579E00D99AE8 /* LoopKitUI in Frameworks */,
			);
			runOnlyForDeploymentPostprocessing = 0;
		};
/* End PBXFrameworksBuildPhase section */

/* Begin PBXGroup section */
		27EB9F0B2ADDD685003EAE8A = {
			isa = PBXGroup;
			children = (
				27EB9F162ADDD685003EAE8A /* testslider3 */,
				27EB9F152ADDD685003EAE8A /* Products */,
			);
			sourceTree = "<group>";
		};
		27EB9F152ADDD685003EAE8A /* Products */ = {
			isa = PBXGroup;
			children = (
				27EB9F142ADDD685003EAE8A /* testslider3.app */,
			);
			name = Products;
			sourceTree = "<group>";
		};
		27EB9F162ADDD685003EAE8A /* testslider3 */ = {
			isa = PBXGroup;
			children = (
				27B31C5D2AE1572F00D99AE8 /* InsertCannulaView.swift */,
				27B31C692AE15ADE00D99AE8 /* InsertCannulaViewModel.swift */,
				27EB9F192ADDD685003EAE8A /* ContentView.swift */,
			);
			path = testslider3;
			sourceTree = "<group>";
		};
/* End PBXGroup section */

/* Begin PBXNativeTarget section */
		27EB9F132ADDD685003EAE8A /* testslider3 */ = {
			isa = PBXNativeTarget;
			buildConfigurationList = 27EB9F382ADDD686003EAE8A /* Build configuration list for PBXNativeTarget "testslider3" */;
			buildPhases = (
				27EB9F102ADDD685003EAE8A /* Sources */,
				27EB9F112ADDD685003EAE8A /* Frameworks */,
				27EB9F122ADDD685003EAE8A /* Resources */,
			);
			buildRules = (
			);
			dependencies = (
			);
			name = testslider3;
			packageProductDependencies = (
				27B31C582AE1565600D99AE8 /* SlideButton */,
				27B31C602AE1579E00D99AE8 /* LoopKit */,
				27B31C622AE1579E00D99AE8 /* LoopKitUI */,
				27B31C652AE1583400D99AE8 /* LoopKit */,
				27B31C672AE1583400D99AE8 /* LoopKitUI */,
			);
			productName = testslider3;
			productReference = 27EB9F142ADDD685003EAE8A /* testslider3.app */;
			productType = "com.apple.product-type.application";
		};
/* End PBXNativeTarget section */

/* Begin PBXProject section */
		27EB9F0C2ADDD685003EAE8A /* Project object */ = {
			isa = PBXProject;
			attributes = {
				BuildIndependentTargetsInParallel = 1;
				LastSwiftUpdateCheck = 1500;
				LastUpgradeCheck = 1500;
				TargetAttributes = {
					27EB9F132ADDD685003EAE8A = {
						CreatedOnToolsVersion = 15.0;
					};
				};
			};
			buildConfigurationList = 27EB9F0F2ADDD685003EAE8A /* Build configuration list for PBXProject "testslider3" */;
			compatibilityVersion = "Xcode 14.0";
			developmentRegion = en;
			hasScannedForEncodings = 0;
			knownRegions = (
				en,
				Base,
			);
			mainGroup = 27EB9F0B2ADDD685003EAE8A;
			packageReferences = (
				27B31C572AE1565600D99AE8 /* XCRemoteSwiftPackageReference "SlideButton" */,
				27B31C642AE1583400D99AE8 /* XCRemoteSwiftPackageReference "LoopKit" */,
			);
			productRefGroup = 27EB9F152ADDD685003EAE8A /* Products */;
			projectDirPath = "";
			projectRoot = "";
			targets = (
				27EB9F132ADDD685003EAE8A /* testslider3 */,
			);
		};
/* End PBXProject section */

/* Begin PBXResourcesBuildPhase section */
		27EB9F122ADDD685003EAE8A /* Resources */ = {
			isa = PBXResourcesBuildPhase;
			buildActionMask = 2147483647;
			files = (
			);
			runOnlyForDeploymentPostprocessing = 0;
		};
/* End PBXResourcesBuildPhase section */

/* Begin PBXSourcesBuildPhase section */
		27EB9F102ADDD685003EAE8A /* Sources */ = {
			isa = PBXSourcesBuildPhase;
			buildActionMask = 2147483647;
			files = (
				27EB9F1A2ADDD685003EAE8A /* ContentView.swift in Sources */,
				27B31C5E2AE1572F00D99AE8 /* InsertCannulaView.swift in Sources */,
				27B31C6A2AE15ADE00D99AE8 /* InsertCannulaViewModel.swift in Sources */,
			);
			runOnlyForDeploymentPostprocessing = 0;
		};
/* End PBXSourcesBuildPhase section */

/* Begin XCBuildConfiguration section */
		27EB9F362ADDD686003EAE8A /* Debug */ = {
			isa = XCBuildConfiguration;
			buildSettings = {
				ALWAYS_SEARCH_USER_PATHS = NO;
				ASSETCATALOG_COMPILER_GENERATE_SWIFT_ASSET_SYMBOL_EXTENSIONS = YES;
				CLANG_ANALYZER_NONNULL = YES;
				CLANG_ANALYZER_NUMBER_OBJECT_CONVERSION = YES_AGGRESSIVE;
				CLANG_CXX_LANGUAGE_STANDARD = "gnu++20";
				CLANG_ENABLE_MODULES = YES;
				CLANG_ENABLE_OBJC_ARC = YES;
				CLANG_ENABLE_OBJC_WEAK = YES;
				CLANG_WARN_BLOCK_CAPTURE_AUTORELEASING = YES;
				CLANG_WARN_BOOL_CONVERSION = YES;
				CLANG_WARN_COMMA = YES;
				CLANG_WARN_CONSTANT_CONVERSION = YES;
				CLANG_WARN_DEPRECATED_OBJC_IMPLEMENTATIONS = YES;
				CLANG_WARN_DIRECT_OBJC_ISA_USAGE = YES_ERROR;
				CLANG_WARN_DOCUMENTATION_COMMENTS = YES;
				CLANG_WARN_EMPTY_BODY = YES;
				CLANG_WARN_ENUM_CONVERSION = YES;
				CLANG_WARN_INFINITE_RECURSION = YES;
				CLANG_WARN_INT_CONVERSION = YES;
				CLANG_WARN_NON_LITERAL_NULL_CONVERSION = YES;
				CLANG_WARN_OBJC_IMPLICIT_RETAIN_SELF = YES;
				CLANG_WARN_OBJC_LITERAL_CONVERSION = YES;
				CLANG_WARN_OBJC_ROOT_CLASS = YES_ERROR;
				CLANG_WARN_QUOTED_INCLUDE_IN_FRAMEWORK_HEADER = YES;
				CLANG_WARN_RANGE_LOOP_ANALYSIS = YES;
				CLANG_WARN_STRICT_PROTOTYPES = YES;
				CLANG_WARN_SUSPICIOUS_MOVE = YES;
				CLANG_WARN_UNGUARDED_AVAILABILITY = YES_AGGRESSIVE;
				CLANG_WARN_UNREACHABLE_CODE = YES;
				CLANG_WARN__DUPLICATE_METHOD_MATCH = YES;
				COPY_PHASE_STRIP = NO;
				DEBUG_INFORMATION_FORMAT = dwarf;
				ENABLE_STRICT_OBJC_MSGSEND = YES;
				ENABLE_TESTABILITY = YES;
				ENABLE_USER_SCRIPT_SANDBOXING = YES;
				GCC_C_LANGUAGE_STANDARD = gnu17;
				GCC_DYNAMIC_NO_PIC = NO;
				GCC_NO_COMMON_BLOCKS = YES;
				GCC_OPTIMIZATION_LEVEL = 0;
				GCC_PREPROCESSOR_DEFINITIONS = (
					"DEBUG=1",
					"$(inherited)",
				);
				GCC_WARN_64_TO_32_BIT_CONVERSION = YES;
				GCC_WARN_ABOUT_RETURN_TYPE = YES_ERROR;
				GCC_WARN_UNDECLARED_SELECTOR = YES;
				GCC_WARN_UNINITIALIZED_AUTOS = YES_AGGRESSIVE;
				GCC_WARN_UNUSED_FUNCTION = YES;
				GCC_WARN_UNUSED_VARIABLE = YES;
				IPHONEOS_DEPLOYMENT_TARGET = 17.0;
				LOCALIZATION_PREFERS_STRING_CATALOGS = YES;
				MTL_ENABLE_DEBUG_INFO = INCLUDE_SOURCE;
				MTL_FAST_MATH = YES;
				ONLY_ACTIVE_ARCH = YES;
				SDKROOT = iphoneos;
				SWIFT_ACTIVE_COMPILATION_CONDITIONS = "DEBUG $(inherited)";
				SWIFT_OPTIMIZATION_LEVEL = "-Onone";
			};
			name = Debug;
		};
		27EB9F372ADDD686003EAE8A /* Release */ = {
			isa = XCBuildConfiguration;
			buildSettings = {
				ALWAYS_SEARCH_USER_PATHS = NO;
				ASSETCATALOG_COMPILER_GENERATE_SWIFT_ASSET_SYMBOL_EXTENSIONS = YES;
				CLANG_ANALYZER_NONNULL = YES;
				CLANG_ANALYZER_NUMBER_OBJECT_CONVERSION = YES_AGGRESSIVE;
				CLANG_CXX_LANGUAGE_STANDARD = "gnu++20";
				CLANG_ENABLE_MODULES = YES;
				CLANG_ENABLE_OBJC_ARC = YES;
				CLANG_ENABLE_OBJC_WEAK = YES;
				CLANG_WARN_BLOCK_CAPTURE_AUTORELEASING = YES;
				CLANG_WARN_BOOL_CONVERSION = YES;
				CLANG_WARN_COMMA = YES;
				CLANG_WARN_CONSTANT_CONVERSION = YES;
				CLANG_WARN_DEPRECATED_OBJC_IMPLEMENTATIONS = YES;
				CLANG_WARN_DIRECT_OBJC_ISA_USAGE = YES_ERROR;
				CLANG_WARN_DOCUMENTATION_COMMENTS = YES;
				CLANG_WARN_EMPTY_BODY = YES;
				CLANG_WARN_ENUM_CONVERSION = YES;
				CLANG_WARN_INFINITE_RECURSION = YES;
				CLANG_WARN_INT_CONVERSION = YES;
				CLANG_WARN_NON_LITERAL_NULL_CONVERSION = YES;
				CLANG_WARN_OBJC_IMPLICIT_RETAIN_SELF = YES;
				CLANG_WARN_OBJC_LITERAL_CONVERSION = YES;
				CLANG_WARN_OBJC_ROOT_CLASS = YES_ERROR;
				CLANG_WARN_QUOTED_INCLUDE_IN_FRAMEWORK_HEADER = YES;
				CLANG_WARN_RANGE_LOOP_ANALYSIS = YES;
				CLANG_WARN_STRICT_PROTOTYPES = YES;
				CLANG_WARN_SUSPICIOUS_MOVE = YES;
				CLANG_WARN_UNGUARDED_AVAILABILITY = YES_AGGRESSIVE;
				CLANG_WARN_UNREACHABLE_CODE = YES;
				CLANG_WARN__DUPLICATE_METHOD_MATCH = YES;
				COPY_PHASE_STRIP = NO;
				DEBUG_INFORMATION_FORMAT = "dwarf-with-dsym";
				ENABLE_NS_ASSERTIONS = NO;
				ENABLE_STRICT_OBJC_MSGSEND = YES;
				ENABLE_USER_SCRIPT_SANDBOXING = YES;
				GCC_C_LANGUAGE_STANDARD = gnu17;
				GCC_NO_COMMON_BLOCKS = YES;
				GCC_WARN_64_TO_32_BIT_CONVERSION = YES;
				GCC_WARN_ABOUT_RETURN_TYPE = YES_ERROR;
				GCC_WARN_UNDECLARED_SELECTOR = YES;
				GCC_WARN_UNINITIALIZED_AUTOS = YES_AGGRESSIVE;
				GCC_WARN_UNUSED_FUNCTION = YES;
				GCC_WARN_UNUSED_VARIABLE = YES;
				IPHONEOS_DEPLOYMENT_TARGET = 17.0;
				LOCALIZATION_PREFERS_STRING_CATALOGS = YES;
				MTL_ENABLE_DEBUG_INFO = NO;
				MTL_FAST_MATH = YES;
				SDKROOT = iphoneos;
				SWIFT_COMPILATION_MODE = wholemodule;
				VALIDATE_PRODUCT = YES;
			};
			name = Release;
		};
		27EB9F392ADDD686003EAE8A /* Debug */ = {
			isa = XCBuildConfiguration;
			buildSettings = {
				ASSETCATALOG_COMPILER_APPICON_NAME = AppIcon;
				ASSETCATALOG_COMPILER_GLOBAL_ACCENT_COLOR_NAME = AccentColor;
				CODE_SIGN_STYLE = Automatic;
				CURRENT_PROJECT_VERSION = 1;
				DEVELOPMENT_ASSET_PATHS = "";
				DEVELOPMENT_TEAM = L28K36YETG;
				ENABLE_PREVIEWS = YES;
				GENERATE_INFOPLIST_FILE = YES;
				INFOPLIST_KEY_UIApplicationSceneManifest_Generation = YES;
				INFOPLIST_KEY_UIApplicationSupportsIndirectInputEvents = YES;
				INFOPLIST_KEY_UILaunchScreen_Generation = YES;
				INFOPLIST_KEY_UISupportedInterfaceOrientations_iPad = "UIInterfaceOrientationPortrait UIInterfaceOrientationPortraitUpsideDown UIInterfaceOrientationLandscapeLeft UIInterfaceOrientationLandscapeRight";
				INFOPLIST_KEY_UISupportedInterfaceOrientations_iPhone = "UIInterfaceOrientationPortrait UIInterfaceOrientationLandscapeLeft UIInterfaceOrientationLandscapeRight";
				LD_RUNPATH_SEARCH_PATHS = (
					"$(inherited)",
					"@executable_path/Frameworks",
				);
				MARKETING_VERSION = 1.0;
				PRODUCT_BUNDLE_IDENTIFIER = no.bjorninge.testslider3;
				PRODUCT_NAME = "$(TARGET_NAME)";
				SWIFT_EMIT_LOC_STRINGS = YES;
				SWIFT_VERSION = 5.0;
				TARGETED_DEVICE_FAMILY = "1,2";
			};
			name = Debug;
		};
		27EB9F3A2ADDD686003EAE8A /* Release */ = {
			isa = XCBuildConfiguration;
			buildSettings = {
				ASSETCATALOG_COMPILER_APPICON_NAME = AppIcon;
				ASSETCATALOG_COMPILER_GLOBAL_ACCENT_COLOR_NAME = AccentColor;
				CODE_SIGN_STYLE = Automatic;
				CURRENT_PROJECT_VERSION = 1;
				DEVELOPMENT_ASSET_PATHS = "";
				DEVELOPMENT_TEAM = L28K36YETG;
				ENABLE_PREVIEWS = YES;
				GENERATE_INFOPLIST_FILE = YES;
				INFOPLIST_KEY_UIApplicationSceneManifest_Generation = YES;
				INFOPLIST_KEY_UIApplicationSupportsIndirectInputEvents = YES;
				INFOPLIST_KEY_UILaunchScreen_Generation = YES;
				INFOPLIST_KEY_UISupportedInterfaceOrientations_iPad = "UIInterfaceOrientationPortrait UIInterfaceOrientationPortraitUpsideDown UIInterfaceOrientationLandscapeLeft UIInterfaceOrientationLandscapeRight";
				INFOPLIST_KEY_UISupportedInterfaceOrientations_iPhone = "UIInterfaceOrientationPortrait UIInterfaceOrientationLandscapeLeft UIInterfaceOrientationLandscapeRight";
				LD_RUNPATH_SEARCH_PATHS = (
					"$(inherited)",
					"@executable_path/Frameworks",
				);
				MARKETING_VERSION = 1.0;
				PRODUCT_BUNDLE_IDENTIFIER = no.bjorninge.testslider3;
				PRODUCT_NAME = "$(TARGET_NAME)";
				SWIFT_EMIT_LOC_STRINGS = YES;
				SWIFT_VERSION = 5.0;
				TARGETED_DEVICE_FAMILY = "1,2";
			};
			name = Release;
		};
/* End XCBuildConfiguration section */

/* Begin XCConfigurationList section */
		27EB9F0F2ADDD685003EAE8A /* Build configuration list for PBXProject "testslider3" */ = {
			isa = XCConfigurationList;
			buildConfigurations = (
				27EB9F362ADDD686003EAE8A /* Debug */,
				27EB9F372ADDD686003EAE8A /* Release */,
			);
			defaultConfigurationIsVisible = 0;
			defaultConfigurationName = Release;
		};
		27EB9F382ADDD686003EAE8A /* Build configuration list for PBXNativeTarget "testslider3" */ = {
			isa = XCConfigurationList;
			buildConfigurations = (
				27EB9F392ADDD686003EAE8A /* Debug */,
				27EB9F3A2ADDD686003EAE8A /* Release */,
			);
			defaultConfigurationIsVisible = 0;
			defaultConfigurationName = Release;
		};
/* End XCConfigurationList section */

/* Begin XCRemoteSwiftPackageReference section */
		27B31C572AE1565600D99AE8 /* XCRemoteSwiftPackageReference "SlideButton" */ = {
			isa = XCRemoteSwiftPackageReference;
			repositoryURL = "https://github.com/no-comment/SlideButton";
			requirement = {
				branch = main;
				kind = branch;
			};
		};
		27B31C642AE1583400D99AE8 /* XCRemoteSwiftPackageReference "LoopKit" */ = {
			isa = XCRemoteSwiftPackageReference;
			repositoryURL = "https://github.com/LoopKit/LoopKit.git";
			requirement = {
				branch = dev;
				kind = branch;
			};
		};
/* End XCRemoteSwiftPackageReference section */

/* Begin XCSwiftPackageProductDependency section */
		27B31C582AE1565600D99AE8 /* SlideButton */ = {
			isa = XCSwiftPackageProductDependency;
			package = 27B31C572AE1565600D99AE8 /* XCRemoteSwiftPackageReference "SlideButton" */;
			productName = SlideButton;
		};
		27B31C602AE1579E00D99AE8 /* LoopKit */ = {
			isa = XCSwiftPackageProductDependency;
			productName = LoopKit;
		};
		27B31C622AE1579E00D99AE8 /* LoopKitUI */ = {
			isa = XCSwiftPackageProductDependency;
			productName = LoopKitUI;
		};
		27B31C652AE1583400D99AE8 /* LoopKit */ = {
			isa = XCSwiftPackageProductDependency;
			package = 27B31C642AE1583400D99AE8 /* XCRemoteSwiftPackageReference "LoopKit" */;
			productName = LoopKit;
		};
		27B31C672AE1583400D99AE8 /* LoopKitUI */ = {
			isa = XCSwiftPackageProductDependency;
			package = 27B31C642AE1583400D99AE8 /* XCRemoteSwiftPackageReference "LoopKit" */;
			productName = LoopKitUI;
		};
/* End XCSwiftPackageProductDependency section */
	};
	rootObject = 27EB9F0C2ADDD685003EAE8A /* Project object */;
}
